
Microsoft Visual Studio Solution File, Format Version 12.00
# Visual Studio Version 17
VisualStudioVersion = 17.11.35327.3
MinimumVisualStudioVersion = 10.0.40219.1
Project("{FAE04EC0-301F-11D3-BF4B-00C04F79EFBC}") = "Taller1-Mauricio Mora", "Taller1-Mauricio Mora\Taller1-Mauricio Mora.csproj", "{2792186B-CD3C-4AA4-B7F2-B0F36D9F20A3}"
EndProject
Global
	GlobalSection(SolutionConfigurationPlatforms) = preSolution
		Debug|Any CPU = Debug|Any CPU
		Release|Any CPU = Release|Any CPU
	EndGlobalSection
	GlobalSection(ProjectConfigurationPlatforms) = postSolution
		{2792186B-CD3C-4AA4-B7F2-B0F36D9F20A3}.Debug|Any CPU.ActiveCfg = Debug|Any CPU
		{2792186B-CD3C-4AA4-B7F2-B0F36D9F20A3}.Debug|Any CPU.Build.0 = Debug|Any CPU
		{2792186B-CD3C-4AA4-B7F2-B0F36D9F20A3}.Release|Any CPU.ActiveCfg = Release|Any CPU
		{2792186B-CD3C-4AA4-B7F2-B0F36D9F20A3}.Release|Any CPU.Build.0 = Release|Any CPU
	EndGlobalSection
	GlobalSection(SolutionProperties) = preSolution
		HideSolutionNode = FALSE
	EndGlobalSection
	GlobalSection(ExtensibilityGlobals) = postSolution
		SolutionGuid = {3D2818DF-8863-4E65-A693-E2647603DC1C}
	EndGlobalSection
EndGlobal
